PODS:
  - Alamofire (5.4.1)
  - Mocker (2.2.0)
  - PayTheory (0.2.11):
    - Alamofire (~> 5.2)

DEPENDENCIES:
  - Mocker (~> 2.2)
  - PayTheory (from `../`)

SPEC REPOS:
  trunk:
    - Alamofire
    - Mocker

EXTERNAL SOURCES:
  PayTheory:
    :path: "../"

SPEC CHECKSUMS:
  Alamofire: 2291f7d21ca607c491dd17642e5d40fdcda0e65c
  Mocker: d0ceb340eddd5c28539a691ce67d068674cef9a0
  PayTheory: 96a635ad80965296f50363add8e24a8dc3d6e63e

PODFILE CHECKSUM: 0025a7e774811fe9ad20b2e87efa9062a91f170d

COCOAPODS: 1.9.3
