<?xml version="1.0" encoding="UTF-8"?>
<Scheme
   LastUpgradeVersion = "1230"
   version = "1.3">
   <BuildAction
      parallelizeBuildables = "YES"
      buildImplicitDependencies = "YES">
      <BuildActionEntries>
         <BuildActionEntry
            buildForTesting = "YES"
            buildForRunning = "YES"
            buildForProfiling = "YES"
            buildForArchiving = "YES"
            buildForAnalyzing = "YES">
            <BuildableReference
               BuildableIdentifier = "primary"
               BlueprintIdentifier = "9386AE302552ED63009DEE33"
               BuildableName = "PayTheory Example.app"
               BlueprintName = "PayTheory Example"
               ReferencedContainer = "container:PayTheory.xcodeproj">
            </BuildableReference>
         </BuildActionEntry>
      </BuildActionEntries>
   </BuildAction>
   <TestAction
      buildConfiguration = "Debug"
      selectedDebuggerIdentifier = "Xcode.DebuggerFoundation.Debugger.LLDB"
      selectedLauncherIdentifier = "Xcode.DebuggerFoundation.Launcher.LLDB"
      shouldUseLaunchSchemeArgsEnv = "NO">
      <MacroExpansion>
         <BuildableReference
            BuildableIdentifier = "primary"
            BlueprintIdentifier = "9386AE302552ED63009DEE33"
            BuildableName = "PayTheory Example.app"
            BlueprintName = "PayTheory Example"
            ReferencedContainer = "container:PayTheory.xcodeproj">
         </BuildableReference>
      </MacroExpansion>
      <EnvironmentVariables>
         <EnvironmentVariable
            key = "demo_api_key"
            value = "pt-sandbox-demo-165f0d8fafc73a2f8f6a82d79c589007"
            isEnabled = "YES">
         </EnvironmentVariable>
         <EnvironmentVariable
            key = "dev_api_key"
            value = "pt-sandbox-dev-f992c4a57b86cb16aefae30d0a450237"
            isEnabled = "YES">
         </EnvironmentVariable>
      </EnvironmentVariables>
      <Testables>
      </Testables>
   </TestAction>
   <LaunchAction
      buildConfiguration = "Debug"
      selectedDebuggerIdentifier = "Xcode.DebuggerFoundation.Debugger.LLDB"
      selectedLauncherIdentifier = "Xcode.DebuggerFoundation.Launcher.LLDB"
      launchStyle = "0"
      useCustomWorkingDirectory = "NO"
      ignoresPersistentStateOnLaunch = "NO"
      debugDocumentVersioning = "YES"
      debugServiceExtension = "internal"
      allowLocationSimulation = "YES">
      <BuildableProductRunnable
         runnableDebuggingMode = "0">
         <BuildableReference
            BuildableIdentifier = "primary"
            BlueprintIdentifier = "9386AE302552ED63009DEE33"
            BuildableName = "PayTheory Example.app"
            BlueprintName = "PayTheory Example"
            ReferencedContainer = "container:PayTheory.xcodeproj">
         </BuildableReference>
      </BuildableProductRunnable>
      <EnvironmentVariables>
         <EnvironmentVariable
            key = "api_key"
            value = "learn-paytheorylab-67ae7514070c9fe21f9ba4e9d3ad529a"
            isEnabled = "YES">
         </EnvironmentVariable>
         <EnvironmentVariable
            key = "prod_api_key"
            value = "pt-live-859268a17551bc98e296d653270aa1b0"
            isEnabled = "YES">
         </EnvironmentVariable>
         <EnvironmentVariable
            key = "austin_api_key"
            value = "pt-sandbox-austin-1698b7a80c4e02da380dc86b047a1a75"
            isEnabled = "YES">
         </EnvironmentVariable>
         <EnvironmentVariable
            key = "dev_api_key"
            value = "pt-sandbox-dev-34a4a8979a9f3de0057d47eb05245255"
            isEnabled = "YES">
         </EnvironmentVariable>
      </EnvironmentVariables>
   </LaunchAction>
   <ProfileAction
      buildConfiguration = "Release"
      shouldUseLaunchSchemeArgsEnv = "YES"
      savedToolIdentifier = ""
      useCustomWorkingDirectory = "NO"
      debugDocumentVersioning = "YES">
      <BuildableProductRunnable
         runnableDebuggingMode = "0">
         <BuildableReference
            BuildableIdentifier = "primary"
            BlueprintIdentifier = "9386AE302552ED63009DEE33"
            BuildableName = "PayTheory Example.app"
            BlueprintName = "PayTheory Example"
            ReferencedContainer = "container:PayTheory.xcodeproj">
         </BuildableReference>
      </BuildableProductRunnable>
   </ProfileAction>
   <AnalyzeAction
      buildConfiguration = "Debug">
   </AnalyzeAction>
   <ArchiveAction
      buildConfiguration = "Debug"
      customArchiveName = "PayTheory"
      revealArchiveInOrganizer = "YES">
   </ArchiveAction>
</Scheme>
